
Microsoft Visual Studio Solution File, Format Version 12.00
# Visual Studio Version 17
VisualStudioVersion = 17.1.32421.90
MinimumVisualStudioVersion = 10.0.40219.1
Project("{FAE04EC0-301F-11D3-BF4B-00C04F79EFBC}") = "SearchAlgorithmsRelearn", "SearchAlgorithmsRelearn\SearchAlgorithmsRelearn.csproj", "{C6A7A08D-73A8-42E4-A9E6-FF5A2B53580C}"
EndProject
Global
	GlobalSection(SolutionConfigurationPlatforms) = preSolution
		Debug|Any CPU = Debug|Any CPU
		Release|Any CPU = Release|Any CPU
	EndGlobalSection
	GlobalSection(ProjectConfigurationPlatforms) = postSolution
		{C6A7A08D-73A8-42E4-A9E6-FF5A2B53580C}.Debug|Any CPU.ActiveCfg = Debug|Any CPU
		{C6A7A08D-73A8-42E4-A9E6-FF5A2B53580C}.Debug|Any CPU.Build.0 = Debug|Any CPU
		{C6A7A08D-73A8-42E4-A9E6-FF5A2B53580C}.Release|Any CPU.ActiveCfg = Release|Any CPU
		{C6A7A08D-73A8-42E4-A9E6-FF5A2B53580C}.Release|Any CPU.Build.0 = Release|Any CPU
	EndGlobalSection
	GlobalSection(SolutionProperties) = preSolution
		HideSolutionNode = FALSE
	EndGlobalSection
	GlobalSection(ExtensibilityGlobals) = postSolution
		SolutionGuid = {2E28EEF3-7524-49FF-BEFE-19F40E36791C}
	EndGlobalSection
EndGlobal
